
Microsoft Visual Studio Solution File, Format Version 12.00
# Visual Studio Version 17
VisualStudioVersion = 17.14.36310.24 d17.14
MinimumVisualStudioVersion = 10.0.40219.1
Project("{FAE04EC0-301F-11D3-BF4B-00C04F79EFBC}") = "RIC", "POS_Admin\RIC.csproj", "{A23306E8-386F-43CC-9AC7-6FB9DFD11098}"
EndProject
Global
	GlobalSection(SolutionConfigurationPlatforms) = preSolution
		Debug|Any CPU = Debug|Any CPU
		Release|Any CPU = Release|Any CPU
	EndGlobalSection
	GlobalSection(ProjectConfigurationPlatforms) = postSolution
		{A23306E8-386F-43CC-9AC7-6FB9DFD11098}.Debug|Any CPU.ActiveCfg = Debug|Any CPU
		{A23306E8-386F-43CC-9AC7-6FB9DFD11098}.Debug|Any CPU.Build.0 = Debug|Any CPU
		{A23306E8-386F-43CC-9AC7-6FB9DFD11098}.Release|Any CPU.ActiveCfg = Release|Any CPU
		{A23306E8-386F-43CC-9AC7-6FB9DFD11098}.Release|Any CPU.Build.0 = Release|Any CPU
	EndGlobalSection
	GlobalSection(SolutionProperties) = preSolution
		HideSolutionNode = FALSE
	EndGlobalSection
	GlobalSection(ExtensibilityGlobals) = postSolution
		SolutionGuid = {A780A2B3-DA01-47E7-81B6-073732FEBBD4}
	EndGlobalSection
EndGlobal
